
Microsoft Visual Studio Solution File, Format Version 12.00
# Visual Studio Version 17
VisualStudioVersion = 17.5.002.0
MinimumVisualStudioVersion = 10.0.40219.1
Project("{9A19103F-16F7-4668-BE54-9A1E7A4F7556}") = "day02", "day02.csproj", "{EC084628-62D8-4B96-9218-367BF65D3C93}"
EndProject
Global
	GlobalSection(SolutionConfigurationPlatforms) = preSolution
		Debug|Any CPU = Debug|Any CPU
		Release|Any CPU = Release|Any CPU
	EndGlobalSection
	GlobalSection(ProjectConfigurationPlatforms) = postSolution
		{EC084628-62D8-4B96-9218-367BF65D3C93}.Debug|Any CPU.ActiveCfg = Debug|Any CPU
		{EC084628-62D8-4B96-9218-367BF65D3C93}.Debug|Any CPU.Build.0 = Debug|Any CPU
		{EC084628-62D8-4B96-9218-367BF65D3C93}.Release|Any CPU.ActiveCfg = Release|Any CPU
		{EC084628-62D8-4B96-9218-367BF65D3C93}.Release|Any CPU.Build.0 = Release|Any CPU
	EndGlobalSection
	GlobalSection(SolutionProperties) = preSolution
		HideSolutionNode = FALSE
	EndGlobalSection
	GlobalSection(ExtensibilityGlobals) = postSolution
		SolutionGuid = {8163E2C1-9376-45A9-94D0-E920BBB44C78}
	EndGlobalSection
EndGlobal
