
Microsoft Visual Studio Solution File, Format Version 12.00
# Visual Studio Version 17
VisualStudioVersion = 17.5.002.0
MinimumVisualStudioVersion = 10.0.40219.1
Project("{9A19103F-16F7-4668-BE54-9A1E7A4F7556}") = "day23", "day23.csproj", "{E7703522-5D18-49DB-9707-48C69763AC07}"
EndProject
Global
	GlobalSection(SolutionConfigurationPlatforms) = preSolution
		Debug|Any CPU = Debug|Any CPU
		Release|Any CPU = Release|Any CPU
	EndGlobalSection
	GlobalSection(ProjectConfigurationPlatforms) = postSolution
		{E7703522-5D18-49DB-9707-48C69763AC07}.Debug|Any CPU.ActiveCfg = Debug|Any CPU
		{E7703522-5D18-49DB-9707-48C69763AC07}.Debug|Any CPU.Build.0 = Debug|Any CPU
		{E7703522-5D18-49DB-9707-48C69763AC07}.Release|Any CPU.ActiveCfg = Release|Any CPU
		{E7703522-5D18-49DB-9707-48C69763AC07}.Release|Any CPU.Build.0 = Release|Any CPU
	EndGlobalSection
	GlobalSection(SolutionProperties) = preSolution
		HideSolutionNode = FALSE
	EndGlobalSection
	GlobalSection(ExtensibilityGlobals) = postSolution
		SolutionGuid = {506E45F2-2172-418C-A567-0F351E2AAAD5}
	EndGlobalSection
EndGlobal
